
Microsoft Visual Studio Solution File, Format Version 12.00
# Visual Studio Version 17
VisualStudioVersion = 17.0.32112.339
MinimumVisualStudioVersion = 10.0.40219.1
Project("{9A19103F-16F7-4668-BE54-9A1E7A4F7556}") = "ClinicProject.Server", "Server\ClinicProject.Server.csproj", "{24EE43BA-7999-484B-BD04-8DA361A0A52D}"
EndProject
Project("{9A19103F-16F7-4668-BE54-9A1E7A4F7556}") = "ClinicProject.Client", "Client\ClinicProject.Client.csproj", "{2EEADECE-BE6C-4FDC-8848-8A72BA91FDCD}"
EndProject
Project("{9A19103F-16F7-4668-BE54-9A1E7A4F7556}") = "ClinicProject.Shared", "Shared\ClinicProject.Shared.csproj", "{C3E478BE-7A26-402A-9B34-9E24041A4BAD}"
EndProject
Global
	GlobalSection(SolutionConfigurationPlatforms) = preSolution
		Debug|Any CPU = Debug|Any CPU
		Release|Any CPU = Release|Any CPU
	EndGlobalSection
	GlobalSection(ProjectConfigurationPlatforms) = postSolution
		{24EE43BA-7999-484B-BD04-8DA361A0A52D}.Debug|Any CPU.ActiveCfg = Debug|Any CPU
		{24EE43BA-7999-484B-BD04-8DA361A0A52D}.Debug|Any CPU.Build.0 = Debug|Any CPU
		{24EE43BA-7999-484B-BD04-8DA361A0A52D}.Release|Any CPU.ActiveCfg = Release|Any CPU
		{24EE43BA-7999-484B-BD04-8DA361A0A52D}.Release|Any CPU.Build.0 = Release|Any CPU
		{2EEADECE-BE6C-4FDC-8848-8A72BA91FDCD}.Debug|Any CPU.ActiveCfg = Debug|Any CPU
		{2EEADECE-BE6C-4FDC-8848-8A72BA91FDCD}.Debug|Any CPU.Build.0 = Debug|Any CPU
		{2EEADECE-BE6C-4FDC-8848-8A72BA91FDCD}.Release|Any CPU.ActiveCfg = Release|Any CPU
		{2EEADECE-BE6C-4FDC-8848-8A72BA91FDCD}.Release|Any CPU.Build.0 = Release|Any CPU
		{C3E478BE-7A26-402A-9B34-9E24041A4BAD}.Debug|Any CPU.ActiveCfg = Debug|Any CPU
		{C3E478BE-7A26-402A-9B34-9E24041A4BAD}.Debug|Any CPU.Build.0 = Debug|Any CPU
		{C3E478BE-7A26-402A-9B34-9E24041A4BAD}.Release|Any CPU.ActiveCfg = Release|Any CPU
		{C3E478BE-7A26-402A-9B34-9E24041A4BAD}.Release|Any CPU.Build.0 = Release|Any CPU
	EndGlobalSection
	GlobalSection(SolutionProperties) = preSolution
		HideSolutionNode = FALSE
	EndGlobalSection
	GlobalSection(ExtensibilityGlobals) = postSolution
		SolutionGuid = {B043E51D-C445-4039-B893-6F92B104337A}
	EndGlobalSection
EndGlobal
